
Microsoft Visual Studio Solution File, Format Version 12.00
# Visual Studio Version 17
VisualStudioVersion = 17.0.31903.59
MinimumVisualStudioVersion = 10.0.40219.1
Project("{FAE04EC0-301F-11D3-BF4B-00C04F79EFBC}") = "API", "API\API.csproj", "{E129B060-4766-4ACC-8CDC-3BFDB7AC2843}"
EndProject
Project("{FAE04EC0-301F-11D3-BF4B-00C04F79EFBC}") = "Core", "Core\Core.csproj", "{6AF173EE-5106-4113-A78D-0ACDC58BFD12}"
EndProject
Project("{FAE04EC0-301F-11D3-BF4B-00C04F79EFBC}") = "Infrastructure", "Infrastructure\Infrastructure.csproj", "{97D3CAEA-C996-4B63-8371-7D72480B370C}"
EndProject
Global
	GlobalSection(SolutionConfigurationPlatforms) = preSolution
		Debug|Any CPU = Debug|Any CPU
		Debug|x64 = Debug|x64
		Debug|x86 = Debug|x86
		Release|Any CPU = Release|Any CPU
		Release|x64 = Release|x64
		Release|x86 = Release|x86
	EndGlobalSection
	GlobalSection(ProjectConfigurationPlatforms) = postSolution
		{E129B060-4766-4ACC-8CDC-3BFDB7AC2843}.Debug|Any CPU.ActiveCfg = Debug|Any CPU
		{E129B060-4766-4ACC-8CDC-3BFDB7AC2843}.Debug|Any CPU.Build.0 = Debug|Any CPU
		{E129B060-4766-4ACC-8CDC-3BFDB7AC2843}.Debug|x64.ActiveCfg = Debug|Any CPU
		{E129B060-4766-4ACC-8CDC-3BFDB7AC2843}.Debug|x64.Build.0 = Debug|Any CPU
		{E129B060-4766-4ACC-8CDC-3BFDB7AC2843}.Debug|x86.ActiveCfg = Debug|Any CPU
		{E129B060-4766-4ACC-8CDC-3BFDB7AC2843}.Debug|x86.Build.0 = Debug|Any CPU
		{E129B060-4766-4ACC-8CDC-3BFDB7AC2843}.Release|Any CPU.ActiveCfg = Release|Any CPU
		{E129B060-4766-4ACC-8CDC-3BFDB7AC2843}.Release|Any CPU.Build.0 = Release|Any CPU
		{E129B060-4766-4ACC-8CDC-3BFDB7AC2843}.Release|x64.ActiveCfg = Release|Any CPU
		{E129B060-4766-4ACC-8CDC-3BFDB7AC2843}.Release|x64.Build.0 = Release|Any CPU
		{E129B060-4766-4ACC-8CDC-3BFDB7AC2843}.Release|x86.ActiveCfg = Release|Any CPU
		{E129B060-4766-4ACC-8CDC-3BFDB7AC2843}.Release|x86.Build.0 = Release|Any CPU
		{6AF173EE-5106-4113-A78D-0ACDC58BFD12}.Debug|Any CPU.ActiveCfg = Debug|Any CPU
		{6AF173EE-5106-4113-A78D-0ACDC58BFD12}.Debug|Any CPU.Build.0 = Debug|Any CPU
		{6AF173EE-5106-4113-A78D-0ACDC58BFD12}.Debug|x64.ActiveCfg = Debug|Any CPU
		{6AF173EE-5106-4113-A78D-0ACDC58BFD12}.Debug|x64.Build.0 = Debug|Any CPU
		{6AF173EE-5106-4113-A78D-0ACDC58BFD12}.Debug|x86.ActiveCfg = Debug|Any CPU
		{6AF173EE-5106-4113-A78D-0ACDC58BFD12}.Debug|x86.Build.0 = Debug|Any CPU
		{6AF173EE-5106-4113-A78D-0ACDC58BFD12}.Release|Any CPU.ActiveCfg = Release|Any CPU
		{6AF173EE-5106-4113-A78D-0ACDC58BFD12}.Release|Any CPU.Build.0 = Release|Any CPU
		{6AF173EE-5106-4113-A78D-0ACDC58BFD12}.Release|x64.ActiveCfg = Release|Any CPU
		{6AF173EE-5106-4113-A78D-0ACDC58BFD12}.Release|x64.Build.0 = Release|Any CPU
		{6AF173EE-5106-4113-A78D-0ACDC58BFD12}.Release|x86.ActiveCfg = Release|Any CPU
		{6AF173EE-5106-4113-A78D-0ACDC58BFD12}.Release|x86.Build.0 = Release|Any CPU
		{97D3CAEA-C996-4B63-8371-7D72480B370C}.Debug|Any CPU.ActiveCfg = Debug|Any CPU
		{97D3CAEA-C996-4B63-8371-7D72480B370C}.Debug|Any CPU.Build.0 = Debug|Any CPU
		{97D3CAEA-C996-4B63-8371-7D72480B370C}.Debug|x64.ActiveCfg = Debug|Any CPU
		{97D3CAEA-C996-4B63-8371-7D72480B370C}.Debug|x64.Build.0 = Debug|Any CPU
		{97D3CAEA-C996-4B63-8371-7D72480B370C}.Debug|x86.ActiveCfg = Debug|Any CPU
		{97D3CAEA-C996-4B63-8371-7D72480B370C}.Debug|x86.Build.0 = Debug|Any CPU
		{97D3CAEA-C996-4B63-8371-7D72480B370C}.Release|Any CPU.ActiveCfg = Release|Any CPU
		{97D3CAEA-C996-4B63-8371-7D72480B370C}.Release|Any CPU.Build.0 = Release|Any CPU
		{97D3CAEA-C996-4B63-8371-7D72480B370C}.Release|x64.ActiveCfg = Release|Any CPU
		{97D3CAEA-C996-4B63-8371-7D72480B370C}.Release|x64.Build.0 = Release|Any CPU
		{97D3CAEA-C996-4B63-8371-7D72480B370C}.Release|x86.ActiveCfg = Release|Any CPU
		{97D3CAEA-C996-4B63-8371-7D72480B370C}.Release|x86.Build.0 = Release|Any CPU
	EndGlobalSection
	GlobalSection(SolutionProperties) = preSolution
		HideSolutionNode = FALSE
	EndGlobalSection
EndGlobal
